set_global_assignment -name AUTO_RESTART_CONFIGURATION ON
set_global_assignment -name ENABLE_CONFIGURATION_PINS OFF
set_global_assignment -name ENABLE_BOOT_SEL_PIN OFF

set_location_assignment PIN_W18 -to pin
set_instance_assignment -name IO_STANDARD LVDS -to pin
set_location_assignment PIN_Y19 -to "pin(n)"
set_location_assignment PIN_C7 -to led[0]
set_location_assignment PIN_C8 -to led[1]
set_location_assignment PIN_A6 -to led[2]
set_location_assignment PIN_B7 -to led[3]
set_location_assignment PIN_C4 -to led[4]
set_location_assignment PIN_A5 -to led[5]
set_location_assignment PIN_B4 -to led[6]
set_location_assignment PIN_C5 -to led[7]

set_instance_assignment -name IO_STANDARD "1.2 V" -to led[*]
set_location_assignment PIN_M8 -to clk50

#set_location_assignment PIN_V13 -to dac_pin
set_location_assignment PIN_AA20 -to dac_pin
#set_instance_assignment -name CURRENT_STRENGTH_NEW 16MA -to dac_pin
#set_instance_assignment -name CURRENT_STRENGTH_NEW "MINIMUM CURRENT" -to dac_pin
#set_instance_assignment -name SLEW_RATE 0 -to dac_pin

set_location_assignment PIN_J21 -to sw[0]
set_location_assignment PIN_J22 -to sw[1]

set_location_assignment PIN_Y18 -to fb
#set_instance_assignment -name CURRENT_STRENGTH_NEW 16MA -to fb

set_location_assignment PIN_U15 -to tx
set_location_assignment PIN_R13 -to rx
